// !$*UTF8*$!
{
	archiveVersion = 1;
	classes = {
	};
	objectVersion = 56;
	objects = {

/* Begin PBXBuildFile section */
		1807357C2A6981EC00FCBCAF /* DetailPresenter.swift in Sources */ = {isa = PBXBuildFile; fileRef = 180735762A6981EC00FCBCAF /* DetailPresenter.swift */; };
		1807357D2A6981EC00FCBCAF /* DetailWorker.swift in Sources */ = {isa = PBXBuildFile; fileRef = 180735772A6981EC00FCBCAF /* DetailWorker.swift */; };
		1807357E2A6981EC00FCBCAF /* DetailRouter.swift in Sources */ = {isa = PBXBuildFile; fileRef = 180735782A6981EC00FCBCAF /* DetailRouter.swift */; };
		1807357F2A6981EC00FCBCAF /* DetailModels.swift in Sources */ = {isa = PBXBuildFile; fileRef = 180735792A6981EC00FCBCAF /* DetailModels.swift */; };
		180735802A6981EC00FCBCAF /* DetailViewController.swift in Sources */ = {isa = PBXBuildFile; fileRef = 1807357A2A6981EC00FCBCAF /* DetailViewController.swift */; };
		180735812A6981EC00FCBCAF /* DetailInteractor.swift in Sources */ = {isa = PBXBuildFile; fileRef = 1807357B2A6981EC00FCBCAF /* DetailInteractor.swift */; };
		18192CF52A60004200D6F96A /* AppDelegate.swift in Sources */ = {isa = PBXBuildFile; fileRef = 18192CF42A60004200D6F96A /* AppDelegate.swift */; };
		18192CF72A60004200D6F96A /* SceneDelegate.swift in Sources */ = {isa = PBXBuildFile; fileRef = 18192CF62A60004200D6F96A /* SceneDelegate.swift */; };
		18192CFE2A60004500D6F96A /* Assets.xcassets in Resources */ = {isa = PBXBuildFile; fileRef = 18192CFD2A60004500D6F96A /* Assets.xcassets */; };
		18192D012A60004500D6F96A /* LaunchScreen.storyboard in Resources */ = {isa = PBXBuildFile; fileRef = 18192CFF2A60004500D6F96A /* LaunchScreen.storyboard */; };
		18192D0C2A60004500D6F96A /* UIKitCleanSwiftV_I_PTests.swift in Sources */ = {isa = PBXBuildFile; fileRef = 18192D0B2A60004500D6F96A /* UIKitCleanSwiftV_I_PTests.swift */; };
		18192D162A60004500D6F96A /* UIKitCleanSwiftV_I_PUITests.swift in Sources */ = {isa = PBXBuildFile; fileRef = 18192D152A60004500D6F96A /* UIKitCleanSwiftV_I_PUITests.swift */; };
		18192D182A60004500D6F96A /* UIKitCleanSwiftV_I_PUITestsLaunchTests.swift in Sources */ = {isa = PBXBuildFile; fileRef = 18192D172A60004500D6F96A /* UIKitCleanSwiftV_I_PUITestsLaunchTests.swift */; };
		18192D2D2A6000B500D6F96A /* HomePresenter.swift in Sources */ = {isa = PBXBuildFile; fileRef = 18192D272A6000B500D6F96A /* HomePresenter.swift */; };
		18192D2E2A6000B500D6F96A /* HomeWorker.swift in Sources */ = {isa = PBXBuildFile; fileRef = 18192D282A6000B500D6F96A /* HomeWorker.swift */; };
		18192D2F2A6000B500D6F96A /* HomeRouter.swift in Sources */ = {isa = PBXBuildFile; fileRef = 18192D292A6000B500D6F96A /* HomeRouter.swift */; };
		18192D302A6000B500D6F96A /* HomeModels.swift in Sources */ = {isa = PBXBuildFile; fileRef = 18192D2A2A6000B500D6F96A /* HomeModels.swift */; };
		18192D312A6000B500D6F96A /* HomeViewController.swift in Sources */ = {isa = PBXBuildFile; fileRef = 18192D2B2A6000B500D6F96A /* HomeViewController.swift */; };
		18192D322A6000B500D6F96A /* HomeInteractor.swift in Sources */ = {isa = PBXBuildFile; fileRef = 18192D2C2A6000B500D6F96A /* HomeInteractor.swift */; };
		18192D342A6000D100D6F96A /* HomeViewStoryboard.storyboard in Resources */ = {isa = PBXBuildFile; fileRef = 18192D332A6000D100D6F96A /* HomeViewStoryboard.storyboard */; };
		18192D382A60029D00D6F96A /* Country.swift in Sources */ = {isa = PBXBuildFile; fileRef = 18192D372A60029D00D6F96A /* Country.swift */; };
		18192D3A2A60238D00D6F96A /* HomeTableViewCell.swift in Sources */ = {isa = PBXBuildFile; fileRef = 18192D392A60238D00D6F96A /* HomeTableViewCell.swift */; };
/* End PBXBuildFile section */

/* Begin PBXContainerItemProxy section */
		18192D082A60004500D6F96A /* PBXContainerItemProxy */ = {
			isa = PBXContainerItemProxy;
			containerPortal = 18192CE92A60004200D6F96A /* Project object */;
			proxyType = 1;
			remoteGlobalIDString = 18192CF02A60004200D6F96A;
			remoteInfo = UIKitCleanSwiftV.I.P;
		};
		18192D122A60004500D6F96A /* PBXContainerItemProxy */ = {
			isa = PBXContainerItemProxy;
			containerPortal = 18192CE92A60004200D6F96A /* Project object */;
			proxyType = 1;
			remoteGlobalIDString = 18192CF02A60004200D6F96A;
			remoteInfo = UIKitCleanSwiftV.I.P;
		};
/* End PBXContainerItemProxy section */

/* Begin PBXFileReference section */
		180735762A6981EC00FCBCAF /* DetailPresenter.swift */ = {isa = PBXFileReference; lastKnownFileType = sourcecode.swift; path = DetailPresenter.swift; sourceTree = "<group>"; };
		180735772A6981EC00FCBCAF /* DetailWorker.swift */ = {isa = PBXFileReference; lastKnownFileType = sourcecode.swift; path = DetailWorker.swift; sourceTree = "<group>"; };
		180735782A6981EC00FCBCAF /* DetailRouter.swift */ = {isa = PBXFileReference; lastKnownFileType = sourcecode.swift; path = DetailRouter.swift; sourceTree = "<group>"; };
		180735792A6981EC00FCBCAF /* DetailModels.swift */ = {isa = PBXFileReference; lastKnownFileType = sourcecode.swift; path = DetailModels.swift; sourceTree = "<group>"; };
		1807357A2A6981EC00FCBCAF /* DetailViewController.swift */ = {isa = PBXFileReference; lastKnownFileType = sourcecode.swift; path = DetailViewController.swift; sourceTree = "<group>"; };
		1807357B2A6981EC00FCBCAF /* DetailInteractor.swift */ = {isa = PBXFileReference; lastKnownFileType = sourcecode.swift; path = DetailInteractor.swift; sourceTree = "<group>"; };
		18192CF12A60004200D6F96A /* UIKitCleanSwiftV.I.P.app */ = {isa = PBXFileReference; explicitFileType = wrapper.application; includeInIndex = 0; path = UIKitCleanSwiftV.I.P.app; sourceTree = BUILT_PRODUCTS_DIR; };
		18192CF42A60004200D6F96A /* AppDelegate.swift */ = {isa = PBXFileReference; lastKnownFileType = sourcecode.swift; path = AppDelegate.swift; sourceTree = "<group>"; };
		18192CF62A60004200D6F96A /* SceneDelegate.swift */ = {isa = PBXFileReference; lastKnownFileType = sourcecode.swift; path = SceneDelegate.swift; sourceTree = "<group>"; };
		18192CFD2A60004500D6F96A /* Assets.xcassets */ = {isa = PBXFileReference; lastKnownFileType = folder.assetcatalog; path = Assets.xcassets; sourceTree = "<group>"; };
		18192D002A60004500D6F96A /* Base */ = {isa = PBXFileReference; lastKnownFileType = file.storyboard; name = Base; path = Base.lproj/LaunchScreen.storyboard; sourceTree = "<group>"; };
		18192D022A60004500D6F96A /* Info.plist */ = {isa = PBXFileReference; lastKnownFileType = text.plist.xml; path = Info.plist; sourceTree = "<group>"; };
		18192D072A60004500D6F96A /* UIKitCleanSwiftV.I.PTests.xctest */ = {isa = PBXFileReference; explicitFileType = wrapper.cfbundle; includeInIndex = 0; path = UIKitCleanSwiftV.I.PTests.xctest; sourceTree = BUILT_PRODUCTS_DIR; };
		18192D0B2A60004500D6F96A /* UIKitCleanSwiftV_I_PTests.swift */ = {isa = PBXFileReference; lastKnownFileType = sourcecode.swift; path = UIKitCleanSwiftV_I_PTests.swift; sourceTree = "<group>"; };
		18192D112A60004500D6F96A /* UIKitCleanSwiftV.I.PUITests.xctest */ = {isa = PBXFileReference; explicitFileType = wrapper.cfbundle; includeInIndex = 0; path = UIKitCleanSwiftV.I.PUITests.xctest; sourceTree = BUILT_PRODUCTS_DIR; };
		18192D152A60004500D6F96A /* UIKitCleanSwiftV_I_PUITests.swift */ = {isa = PBXFileReference; lastKnownFileType = sourcecode.swift; path = UIKitCleanSwiftV_I_PUITests.swift; sourceTree = "<group>"; };
		18192D172A60004500D6F96A /* UIKitCleanSwiftV_I_PUITestsLaunchTests.swift */ = {isa = PBXFileReference; lastKnownFileType = sourcecode.swift; path = UIKitCleanSwiftV_I_PUITestsLaunchTests.swift; sourceTree = "<group>"; };
		18192D272A6000B500D6F96A /* HomePresenter.swift */ = {isa = PBXFileReference; lastKnownFileType = sourcecode.swift; path = HomePresenter.swift; sourceTree = "<group>"; };
		18192D282A6000B500D6F96A /* HomeWorker.swift */ = {isa = PBXFileReference; lastKnownFileType = sourcecode.swift; path = HomeWorker.swift; sourceTree = "<group>"; };
		18192D292A6000B500D6F96A /* HomeRouter.swift */ = {isa = PBXFileReference; lastKnownFileType = sourcecode.swift; path = HomeRouter.swift; sourceTree = "<group>"; };
		18192D2A2A6000B500D6F96A /* HomeModels.swift */ = {isa = PBXFileReference; lastKnownFileType = sourcecode.swift; path = HomeModels.swift; sourceTree = "<group>"; };
		18192D2B2A6000B500D6F96A /* HomeViewController.swift */ = {isa = PBXFileReference; lastKnownFileType = sourcecode.swift; path = HomeViewController.swift; sourceTree = "<group>"; };
		18192D2C2A6000B500D6F96A /* HomeInteractor.swift */ = {isa = PBXFileReference; lastKnownFileType = sourcecode.swift; path = HomeInteractor.swift; sourceTree = "<group>"; };
		18192D332A6000D100D6F96A /* HomeViewStoryboard.storyboard */ = {isa = PBXFileReference; lastKnownFileType = file.storyboard; path = HomeViewStoryboard.storyboard; sourceTree = "<group>"; };
		18192D372A60029D00D6F96A /* Country.swift */ = {isa = PBXFileReference; lastKnownFileType = sourcecode.swift; path = Country.swift; sourceTree = "<group>"; };
		18192D392A60238D00D6F96A /* HomeTableViewCell.swift */ = {isa = PBXFileReference; lastKnownFileType = sourcecode.swift; path = HomeTableViewCell.swift; sourceTree = "<group>"; };
/* End PBXFileReference section */

/* Begin PBXFrameworksBuildPhase section */
		18192CEE2A60004200D6F96A /* Frameworks */ = {
			isa = PBXFrameworksBuildPhase;
			buildActionMask = 2147483647;
			files = (
			);
			runOnlyForDeploymentPostprocessing = 0;
		};
		18192D042A60004500D6F96A /* Frameworks */ = {
			isa = PBXFrameworksBuildPhase;
			buildActionMask = 2147483647;
			files = (
			);
			runOnlyForDeploymentPostprocessing = 0;
		};
		18192D0E2A60004500D6F96A /* Frameworks */ = {
			isa = PBXFrameworksBuildPhase;
			buildActionMask = 2147483647;
			files = (
			);
			runOnlyForDeploymentPostprocessing = 0;
		};
/* End PBXFrameworksBuildPhase section */

/* Begin PBXGroup section */
		180735752A6981A400FCBCAF /* Detail */ = {
			isa = PBXGroup;
			children = (
				180735762A6981EC00FCBCAF /* DetailPresenter.swift */,
				180735772A6981EC00FCBCAF /* DetailWorker.swift */,
				180735782A6981EC00FCBCAF /* DetailRouter.swift */,
				180735792A6981EC00FCBCAF /* DetailModels.swift */,
				1807357A2A6981EC00FCBCAF /* DetailViewController.swift */,
				1807357B2A6981EC00FCBCAF /* DetailInteractor.swift */,
			);
			path = Detail;
			sourceTree = "<group>";
		};
		18192CE82A60004200D6F96A = {
			isa = PBXGroup;
			children = (
				18192CF32A60004200D6F96A /* UIKitCleanSwiftV.I.P */,
				18192D0A2A60004500D6F96A /* UIKitCleanSwiftV.I.PTests */,
				18192D142A60004500D6F96A /* UIKitCleanSwiftV.I.PUITests */,
				18192CF22A60004200D6F96A /* Products */,
			);
			sourceTree = "<group>";
		};
		18192CF22A60004200D6F96A /* Products */ = {
			isa = PBXGroup;
			children = (
				18192CF12A60004200D6F96A /* UIKitCleanSwiftV.I.P.app */,
				18192D072A60004500D6F96A /* UIKitCleanSwiftV.I.PTests.xctest */,
				18192D112A60004500D6F96A /* UIKitCleanSwiftV.I.PUITests.xctest */,
			);
			name = Products;
			sourceTree = "<group>";
		};
		18192CF32A60004200D6F96A /* UIKitCleanSwiftV.I.P */ = {
			isa = PBXGroup;
			children = (
				18192D242A60005D00D6F96A /* Apps */,
			);
			path = UIKitCleanSwiftV.I.P;
			sourceTree = "<group>";
		};
		18192D0A2A60004500D6F96A /* UIKitCleanSwiftV.I.PTests */ = {
			isa = PBXGroup;
			children = (
				18192D0B2A60004500D6F96A /* UIKitCleanSwiftV_I_PTests.swift */,
			);
			path = UIKitCleanSwiftV.I.PTests;
			sourceTree = "<group>";
		};
		18192D142A60004500D6F96A /* UIKitCleanSwiftV.I.PUITests */ = {
			isa = PBXGroup;
			children = (
				18192D152A60004500D6F96A /* UIKitCleanSwiftV_I_PUITests.swift */,
				18192D172A60004500D6F96A /* UIKitCleanSwiftV_I_PUITestsLaunchTests.swift */,
			);
			path = UIKitCleanSwiftV.I.PUITests;
			sourceTree = "<group>";
		};
		18192D242A60005D00D6F96A /* Apps */ = {
			isa = PBXGroup;
			children = (
				18192CF42A60004200D6F96A /* AppDelegate.swift */,
				18192CF62A60004200D6F96A /* SceneDelegate.swift */,
				18192D352A60010B00D6F96A /* Resources */,
				18192D252A60007600D6F96A /* Scenes */,
			);
			path = Apps;
			sourceTree = "<group>";
		};
		18192D252A60007600D6F96A /* Scenes */ = {
			isa = PBXGroup;
			children = (
				18192D362A60028C00D6F96A /* Models */,
				18192D262A60008C00D6F96A /* Home */,
				180735752A6981A400FCBCAF /* Detail */,
			);
			path = Scenes;
			sourceTree = "<group>";
		};
		18192D262A60008C00D6F96A /* Home */ = {
			isa = PBXGroup;
			children = (
				18192D272A6000B500D6F96A /* HomePresenter.swift */,
				18192D282A6000B500D6F96A /* HomeWorker.swift */,
				18192D292A6000B500D6F96A /* HomeRouter.swift */,
				18192D2A2A6000B500D6F96A /* HomeModels.swift */,
				18192D2B2A6000B500D6F96A /* HomeViewController.swift */,
				18192D2C2A6000B500D6F96A /* HomeInteractor.swift */,
				18192D332A6000D100D6F96A /* HomeViewStoryboard.storyboard */,
				18192D392A60238D00D6F96A /* HomeTableViewCell.swift */,
			);
			path = Home;
			sourceTree = "<group>";
		};
		18192D352A60010B00D6F96A /* Resources */ = {
			isa = PBXGroup;
			children = (
				18192CFD2A60004500D6F96A /* Assets.xcassets */,
				18192CFF2A60004500D6F96A /* LaunchScreen.storyboard */,
				18192D022A60004500D6F96A /* Info.plist */,
			);
			path = Resources;
			sourceTree = "<group>";
		};
		18192D362A60028C00D6F96A /* Models */ = {
			isa = PBXGroup;
			children = (
				18192D372A60029D00D6F96A /* Country.swift */,
			);
			path = Models;
			sourceTree = "<group>";
		};
/* End PBXGroup section */

/* Begin PBXNativeTarget section */
		18192CF02A60004200D6F96A /* UIKitCleanSwiftV.I.P */ = {
			isa = PBXNativeTarget;
			buildConfigurationList = 18192D1B2A60004500D6F96A /* Build configuration list for PBXNativeTarget "UIKitCleanSwiftV.I.P" */;
			buildPhases = (
				1805D3842A6AC62900EE6750 /* Swift Format */,
				1805D3812A6ABECB00EE6750 /* SwiftLint */,
				18192CED2A60004200D6F96A /* Sources */,
				18192CEE2A60004200D6F96A /* Frameworks */,
				18192CEF2A60004200D6F96A /* Resources */,
			);
			buildRules = (
			);
			dependencies = (
			);
			name = UIKitCleanSwiftV.I.P;
			productName = UIKitCleanSwiftV.I.P;
			productReference = 18192CF12A60004200D6F96A /* UIKitCleanSwiftV.I.P.app */;
			productType = "com.apple.product-type.application";
		};
		18192D062A60004500D6F96A /* UIKitCleanSwiftV.I.PTests */ = {
			isa = PBXNativeTarget;
			buildConfigurationList = 18192D1E2A60004500D6F96A /* Build configuration list for PBXNativeTarget "UIKitCleanSwiftV.I.PTests" */;
			buildPhases = (
				18192D032A60004500D6F96A /* Sources */,
				18192D042A60004500D6F96A /* Frameworks */,
				18192D052A60004500D6F96A /* Resources */,
			);
			buildRules = (
			);
			dependencies = (
				18192D092A60004500D6F96A /* PBXTargetDependency */,
			);
			name = UIKitCleanSwiftV.I.PTests;
			productName = UIKitCleanSwiftV.I.PTests;
			productReference = 18192D072A60004500D6F96A /* UIKitCleanSwiftV.I.PTests.xctest */;
			productType = "com.apple.product-type.bundle.unit-test";
		};
		18192D102A60004500D6F96A /* UIKitCleanSwiftV.I.PUITests */ = {
			isa = PBXNativeTarget;
			buildConfigurationList = 18192D212A60004500D6F96A /* Build configuration list for PBXNativeTarget "UIKitCleanSwiftV.I.PUITests" */;
			buildPhases = (
				18192D0D2A60004500D6F96A /* Sources */,
				18192D0E2A60004500D6F96A /* Frameworks */,
				18192D0F2A60004500D6F96A /* Resources */,
			);
			buildRules = (
			);
			dependencies = (
				18192D132A60004500D6F96A /* PBXTargetDependency */,
			);
			name = UIKitCleanSwiftV.I.PUITests;
			productName = UIKitCleanSwiftV.I.PUITests;
			productReference = 18192D112A60004500D6F96A /* UIKitCleanSwiftV.I.PUITests.xctest */;
			productType = "com.apple.product-type.bundle.ui-testing";
		};
/* End PBXNativeTarget section */

/* Begin PBXProject section */
		18192CE92A60004200D6F96A /* Project object */ = {
			isa = PBXProject;
			attributes = {
				BuildIndependentTargetsInParallel = 1;
				LastSwiftUpdateCheck = 1430;
				LastUpgradeCheck = 1430;
				TargetAttributes = {
					18192CF02A60004200D6F96A = {
						CreatedOnToolsVersion = 14.3.1;
					};
					18192D062A60004500D6F96A = {
						CreatedOnToolsVersion = 14.3.1;
						TestTargetID = 18192CF02A60004200D6F96A;
					};
					18192D102A60004500D6F96A = {
						CreatedOnToolsVersion = 14.3.1;
						TestTargetID = 18192CF02A60004200D6F96A;
					};
				};
			};
			buildConfigurationList = 18192CEC2A60004200D6F96A /* Build configuration list for PBXProject "UIKitCleanSwiftV.I.P" */;
			compatibilityVersion = "Xcode 14.0";
			developmentRegion = en;
			hasScannedForEncodings = 0;
			knownRegions = (
				en,
				Base,
			);
			mainGroup = 18192CE82A60004200D6F96A;
			productRefGroup = 18192CF22A60004200D6F96A /* Products */;
			projectDirPath = "";
			projectRoot = "";
			targets = (
				18192CF02A60004200D6F96A /* UIKitCleanSwiftV.I.P */,
				18192D062A60004500D6F96A /* UIKitCleanSwiftV.I.PTests */,
				18192D102A60004500D6F96A /* UIKitCleanSwiftV.I.PUITests */,
			);
		};
/* End PBXProject section */

/* Begin PBXResourcesBuildPhase section */
		18192CEF2A60004200D6F96A /* Resources */ = {
			isa = PBXResourcesBuildPhase;
			buildActionMask = 2147483647;
			files = (
				18192D012A60004500D6F96A /* LaunchScreen.storyboard in Resources */,
				18192CFE2A60004500D6F96A /* Assets.xcassets in Resources */,
				18192D342A6000D100D6F96A /* HomeViewStoryboard.storyboard in Resources */,
			);
			runOnlyForDeploymentPostprocessing = 0;
		};
		18192D052A60004500D6F96A /* Resources */ = {
			isa = PBXResourcesBuildPhase;
			buildActionMask = 2147483647;
			files = (
			);
			runOnlyForDeploymentPostprocessing = 0;
		};
		18192D0F2A60004500D6F96A /* Resources */ = {
			isa = PBXResourcesBuildPhase;
			buildActionMask = 2147483647;
			files = (
			);
			runOnlyForDeploymentPostprocessing = 0;
		};
/* End PBXResourcesBuildPhase section */

/* Begin PBXShellScriptBuildPhase section */
		1805D3812A6ABECB00EE6750 /* SwiftLint */ = {
			isa = PBXShellScriptBuildPhase;
			alwaysOutOfDate = 1;
			buildActionMask = 2147483647;
			files = (
			);
			inputFileListPaths = (
			);
			inputPaths = (
			);
			name = SwiftLint;
			outputFileListPaths = (
			);
			outputPaths = (
			);
			runOnlyForDeploymentPostprocessing = 0;
			shellPath = /bin/sh;
			shellScript = "#!/bin/sh\n\nexport PATH=\"$PATH:/opt/homebrew/bin\"\nif [ \"${CONFIGURATION}\" == \"Debug\" ]; then\n  echo \"Running SwiftLint\"\n  if which swiftlint > /dev/null; then\n    swiftlint\n  else\n    echo \"warning: SwiftLint not installed, download from https://github.com/realm/SwiftLint\"\n  fi\nelse\n  echo \"info: As we're not building for Debug, no SwiftLint is running.\"\nfi\n";
		};
		1805D3842A6AC62900EE6750 /* Swift Format */ = {
			isa = PBXShellScriptBuildPhase;
			alwaysOutOfDate = 1;
			buildActionMask = 2147483647;
			files = (
			);
			inputFileListPaths = (
			);
			inputPaths = (
			);
			name = "Swift Format";
			outputFileListPaths = (
			);
			outputPaths = (
			);
			runOnlyForDeploymentPostprocessing = 0;
			shellPath = /bin/sh;
			shellScript = "#!/bin/sh\nif [ \"$ENABLE_PREVIEWS\" == \"YES\" ]; then\n  echo \"We avoid launching SwiftFormat for SwiftUI previews to avoid conflicts\"\n  exit 0\nfi\n\nexport PATH=\"$PATH:/opt/homebrew/bin\"\nif [ \"${CONFIGURATION}\" == \"Debug\" ]; then\n  echo \"Running Swift Format\"\n  if which swiftformat > /dev/null; then\n    swiftformat . --config \"$SRCROOT/.swiftformat\"\n  else\n    echo \"warning: SwiftFormat not installed, download from https://github.com/nicklockwood/SwiftFormat\"\n  fi\nelse\n  echo \"info: As we're not building for Debug, no SwiftFormat is running.\"\nfi\n";
		};
/* End PBXShellScriptBuildPhase section */

/* Begin PBXSourcesBuildPhase section */
		18192CED2A60004200D6F96A /* Sources */ = {
			isa = PBXSourcesBuildPhase;
			buildActionMask = 2147483647;
			files = (
				18192D2F2A6000B500D6F96A /* HomeRouter.swift in Sources */,
				18192D382A60029D00D6F96A /* Country.swift in Sources */,
				1807357F2A6981EC00FCBCAF /* DetailModels.swift in Sources */,
				18192CF52A60004200D6F96A /* AppDelegate.swift in Sources */,
				1807357E2A6981EC00FCBCAF /* DetailRouter.swift in Sources */,
				18192D312A6000B500D6F96A /* HomeViewController.swift in Sources */,
				1807357C2A6981EC00FCBCAF /* DetailPresenter.swift in Sources */,
				18192CF72A60004200D6F96A /* SceneDelegate.swift in Sources */,
				18192D2E2A6000B500D6F96A /* HomeWorker.swift in Sources */,
				18192D3A2A60238D00D6F96A /* HomeTableViewCell.swift in Sources */,
				18192D322A6000B500D6F96A /* HomeInteractor.swift in Sources */,
				18192D2D2A6000B500D6F96A /* HomePresenter.swift in Sources */,
				180735802A6981EC00FCBCAF /* DetailViewController.swift in Sources */,
				1807357D2A6981EC00FCBCAF /* DetailWorker.swift in Sources */,
				18192D302A6000B500D6F96A /* HomeModels.swift in Sources */,
				180735812A6981EC00FCBCAF /* DetailInteractor.swift in Sources */,
			);
			runOnlyForDeploymentPostprocessing = 0;
		};
		18192D032A60004500D6F96A /* Sources */ = {
			isa = PBXSourcesBuildPhase;
			buildActionMask = 2147483647;
			files = (
				18192D0C2A60004500D6F96A /* UIKitCleanSwiftV_I_PTests.swift in Sources */,
			);
			runOnlyForDeploymentPostprocessing = 0;
		};
		18192D0D2A60004500D6F96A /* Sources */ = {
			isa = PBXSourcesBuildPhase;
			buildActionMask = 2147483647;
			files = (
				18192D162A60004500D6F96A /* UIKitCleanSwiftV_I_PUITests.swift in Sources */,
				18192D182A60004500D6F96A /* UIKitCleanSwiftV_I_PUITestsLaunchTests.swift in Sources */,
			);
			runOnlyForDeploymentPostprocessing = 0;
		};
/* End PBXSourcesBuildPhase section */

/* Begin PBXTargetDependency section */
		18192D092A60004500D6F96A /* PBXTargetDependency */ = {
			isa = PBXTargetDependency;
			target = 18192CF02A60004200D6F96A /* UIKitCleanSwiftV.I.P */;
			targetProxy = 18192D082A60004500D6F96A /* PBXContainerItemProxy */;
		};
		18192D132A60004500D6F96A /* PBXTargetDependency */ = {
			isa = PBXTargetDependency;
			target = 18192CF02A60004200D6F96A /* UIKitCleanSwiftV.I.P */;
			targetProxy = 18192D122A60004500D6F96A /* PBXContainerItemProxy */;
		};
/* End PBXTargetDependency section */

/* Begin PBXVariantGroup section */
		18192CFF2A60004500D6F96A /* LaunchScreen.storyboard */ = {
			isa = PBXVariantGroup;
			children = (
				18192D002A60004500D6F96A /* Base */,
			);
			name = LaunchScreen.storyboard;
			sourceTree = "<group>";
		};
/* End PBXVariantGroup section */

/* Begin XCBuildConfiguration section */
		18192D192A60004500D6F96A /* Debug */ = {
			isa = XCBuildConfiguration;
			buildSettings = {
				ALWAYS_SEARCH_USER_PATHS = NO;
				CLANG_ANALYZER_NONNULL = YES;
				CLANG_ANALYZER_NUMBER_OBJECT_CONVERSION = YES_AGGRESSIVE;
				CLANG_CXX_LANGUAGE_STANDARD = "gnu++20";
				CLANG_ENABLE_MODULES = YES;
				CLANG_ENABLE_OBJC_ARC = YES;
				CLANG_ENABLE_OBJC_WEAK = YES;
				CLANG_WARN_BLOCK_CAPTURE_AUTORELEASING = YES;
				CLANG_WARN_BOOL_CONVERSION = YES;
				CLANG_WARN_COMMA = YES;
				CLANG_WARN_CONSTANT_CONVERSION = YES;
				CLANG_WARN_DEPRECATED_OBJC_IMPLEMENTATIONS = YES;
				CLANG_WARN_DIRECT_OBJC_ISA_USAGE = YES_ERROR;
				CLANG_WARN_DOCUMENTATION_COMMENTS = YES;
				CLANG_WARN_EMPTY_BODY = YES;
				CLANG_WARN_ENUM_CONVERSION = YES;
				CLANG_WARN_INFINITE_RECURSION = YES;
				CLANG_WARN_INT_CONVERSION = YES;
				CLANG_WARN_NON_LITERAL_NULL_CONVERSION = YES;
				CLANG_WARN_OBJC_IMPLICIT_RETAIN_SELF = YES;
				CLANG_WARN_OBJC_LITERAL_CONVERSION = YES;
				CLANG_WARN_OBJC_ROOT_CLASS = YES_ERROR;
				CLANG_WARN_QUOTED_INCLUDE_IN_FRAMEWORK_HEADER = YES;
				CLANG_WARN_RANGE_LOOP_ANALYSIS = YES;
				CLANG_WARN_STRICT_PROTOTYPES = YES;
				CLANG_WARN_SUSPICIOUS_MOVE = YES;
				CLANG_WARN_UNGUARDED_AVAILABILITY = YES_AGGRESSIVE;
				CLANG_WARN_UNREACHABLE_CODE = YES;
				CLANG_WARN__DUPLICATE_METHOD_MATCH = YES;
				COPY_PHASE_STRIP = NO;
				DEBUG_INFORMATION_FORMAT = dwarf;
				ENABLE_STRICT_OBJC_MSGSEND = YES;
				ENABLE_TESTABILITY = YES;
				GCC_C_LANGUAGE_STANDARD = gnu11;
				GCC_DYNAMIC_NO_PIC = NO;
				GCC_NO_COMMON_BLOCKS = YES;
				GCC_OPTIMIZATION_LEVEL = 0;
				GCC_PREPROCESSOR_DEFINITIONS = (
					"DEBUG=1",
					"$(inherited)",
				);
				GCC_WARN_64_TO_32_BIT_CONVERSION = YES;
				GCC_WARN_ABOUT_RETURN_TYPE = YES_ERROR;
				GCC_WARN_UNDECLARED_SELECTOR = YES;
				GCC_WARN_UNINITIALIZED_AUTOS = YES_AGGRESSIVE;
				GCC_WARN_UNUSED_FUNCTION = YES;
				GCC_WARN_UNUSED_VARIABLE = YES;
				IPHONEOS_DEPLOYMENT_TARGET = 16.4;
				MTL_ENABLE_DEBUG_INFO = INCLUDE_SOURCE;
				MTL_FAST_MATH = YES;
				ONLY_ACTIVE_ARCH = YES;
				SDKROOT = iphoneos;
				SWIFT_ACTIVE_COMPILATION_CONDITIONS = DEBUG;
				SWIFT_OPTIMIZATION_LEVEL = "-Onone";
			};
			name = Debug;
		};
		18192D1A2A60004500D6F96A /* Release */ = {
			isa = XCBuildConfiguration;
			buildSettings = {
				ALWAYS_SEARCH_USER_PATHS = NO;
				CLANG_ANALYZER_NONNULL = YES;
				CLANG_ANALYZER_NUMBER_OBJECT_CONVERSION = YES_AGGRESSIVE;
				CLANG_CXX_LANGUAGE_STANDARD = "gnu++20";
				CLANG_ENABLE_MODULES = YES;
				CLANG_ENABLE_OBJC_ARC = YES;
				CLANG_ENABLE_OBJC_WEAK = YES;
				CLANG_WARN_BLOCK_CAPTURE_AUTORELEASING = YES;
				CLANG_WARN_BOOL_CONVERSION = YES;
				CLANG_WARN_COMMA = YES;
				CLANG_WARN_CONSTANT_CONVERSION = YES;
				CLANG_WARN_DEPRECATED_OBJC_IMPLEMENTATIONS = YES;
				CLANG_WARN_DIRECT_OBJC_ISA_USAGE = YES_ERROR;
				CLANG_WARN_DOCUMENTATION_COMMENTS = YES;
				CLANG_WARN_EMPTY_BODY = YES;
				CLANG_WARN_ENUM_CONVERSION = YES;
				CLANG_WARN_INFINITE_RECURSION = YES;
				CLANG_WARN_INT_CONVERSION = YES;
				CLANG_WARN_NON_LITERAL_NULL_CONVERSION = YES;
				CLANG_WARN_OBJC_IMPLICIT_RETAIN_SELF = YES;
				CLANG_WARN_OBJC_LITERAL_CONVERSION = YES;
				CLANG_WARN_OBJC_ROOT_CLASS = YES_ERROR;
				CLANG_WARN_QUOTED_INCLUDE_IN_FRAMEWORK_HEADER = YES;
				CLANG_WARN_RANGE_LOOP_ANALYSIS = YES;
				CLANG_WARN_STRICT_PROTOTYPES = YES;
				CLANG_WARN_SUSPICIOUS_MOVE = YES;
				CLANG_WARN_UNGUARDED_AVAILABILITY = YES_AGGRESSIVE;
				CLANG_WARN_UNREACHABLE_CODE = YES;
				CLANG_WARN__DUPLICATE_METHOD_MATCH = YES;
				COPY_PHASE_STRIP = NO;
				DEBUG_INFORMATION_FORMAT = "dwarf-with-dsym";
				ENABLE_NS_ASSERTIONS = NO;
				ENABLE_STRICT_OBJC_MSGSEND = YES;
				GCC_C_LANGUAGE_STANDARD = gnu11;
				GCC_NO_COMMON_BLOCKS = YES;
				GCC_WARN_64_TO_32_BIT_CONVERSION = YES;
				GCC_WARN_ABOUT_RETURN_TYPE = YES_ERROR;
				GCC_WARN_UNDECLARED_SELECTOR = YES;
				GCC_WARN_UNINITIALIZED_AUTOS = YES_AGGRESSIVE;
				GCC_WARN_UNUSED_FUNCTION = YES;
				GCC_WARN_UNUSED_VARIABLE = YES;
				IPHONEOS_DEPLOYMENT_TARGET = 16.4;
				MTL_ENABLE_DEBUG_INFO = NO;
				MTL_FAST_MATH = YES;
				SDKROOT = iphoneos;
				SWIFT_COMPILATION_MODE = wholemodule;
				SWIFT_OPTIMIZATION_LEVEL = "-O";
				VALIDATE_PRODUCT = YES;
			};
			name = Release;
		};
		18192D1C2A60004500D6F96A /* Debug */ = {
			isa = XCBuildConfiguration;
			buildSettings = {
				ASSETCATALOG_COMPILER_APPICON_NAME = AppIcon;
				ASSETCATALOG_COMPILER_GLOBAL_ACCENT_COLOR_NAME = AccentColor;
				CODE_SIGN_STYLE = Automatic;
				CURRENT_PROJECT_VERSION = 1;
				GENERATE_INFOPLIST_FILE = YES;
				INFOPLIST_FILE = UIKitCleanSwiftV.I.P/Apps/Resources/Info.plist;
				INFOPLIST_KEY_UIApplicationSupportsIndirectInputEvents = YES;
				INFOPLIST_KEY_UILaunchStoryboardName = LaunchScreen;
				INFOPLIST_KEY_UIMainStoryboardFile = HomeViewStoryboard;
				INFOPLIST_KEY_UISupportedInterfaceOrientations = UIInterfaceOrientationPortrait;
				IPHONEOS_DEPLOYMENT_TARGET = 15.0;
				LD_RUNPATH_SEARCH_PATHS = (
					"$(inherited)",
					"@executable_path/Frameworks",
				);
				MARKETING_VERSION = 1.0;
				PRODUCT_BUNDLE_IDENTIFIER = "com.juho.jung.UIKitCleanSwiftV-I-P";
				PRODUCT_NAME = "$(TARGET_NAME)";
				SWIFT_EMIT_LOC_STRINGS = YES;
				SWIFT_VERSION = 5.0;
				TARGETED_DEVICE_FAMILY = "1,2";
			};
			name = Debug;
		};
		18192D1D2A60004500D6F96A /* Release */ = {
			isa = XCBuildConfiguration;
			buildSettings = {
				ASSETCATALOG_COMPILER_APPICON_NAME = AppIcon;
				ASSETCATALOG_COMPILER_GLOBAL_ACCENT_COLOR_NAME = AccentColor;
				CODE_SIGN_STYLE = Automatic;
				CURRENT_PROJECT_VERSION = 1;
				GENERATE_INFOPLIST_FILE = YES;
				INFOPLIST_FILE = UIKitCleanSwiftV.I.P/Apps/Resources/Info.plist;
				INFOPLIST_KEY_UIApplicationSupportsIndirectInputEvents = YES;
				INFOPLIST_KEY_UILaunchStoryboardName = LaunchScreen;
				INFOPLIST_KEY_UIMainStoryboardFile = HomeViewStoryboard;
				INFOPLIST_KEY_UISupportedInterfaceOrientations = UIInterfaceOrientationPortrait;
				IPHONEOS_DEPLOYMENT_TARGET = 15.0;
				LD_RUNPATH_SEARCH_PATHS = (
					"$(inherited)",
					"@executable_path/Frameworks",
				);
				MARKETING_VERSION = 1.0;
				PRODUCT_BUNDLE_IDENTIFIER = "com.juho.jung.UIKitCleanSwiftV-I-P";
				PRODUCT_NAME = "$(TARGET_NAME)";
				SWIFT_EMIT_LOC_STRINGS = YES;
				SWIFT_VERSION = 5.0;
				TARGETED_DEVICE_FAMILY = "1,2";
			};
			name = Release;
		};
		18192D1F2A60004500D6F96A /* Debug */ = {
			isa = XCBuildConfiguration;
			buildSettings = {
				ALWAYS_EMBED_SWIFT_STANDARD_LIBRARIES = YES;
				BUNDLE_LOADER = "$(TEST_HOST)";
				CODE_SIGN_STYLE = Automatic;
				CURRENT_PROJECT_VERSION = 1;
				GENERATE_INFOPLIST_FILE = YES;
				IPHONEOS_DEPLOYMENT_TARGET = 16.4;
				MARKETING_VERSION = 1.0;
				PRODUCT_BUNDLE_IDENTIFIER = "com.juho.jung.UIKitCleanSwiftV-I-PTests";
				PRODUCT_NAME = "$(TARGET_NAME)";
				SWIFT_EMIT_LOC_STRINGS = NO;
				SWIFT_VERSION = 5.0;
				TARGETED_DEVICE_FAMILY = "1,2";
				TEST_HOST = "$(BUILT_PRODUCTS_DIR)/UIKitCleanSwiftV.I.P.app/$(BUNDLE_EXECUTABLE_FOLDER_PATH)/UIKitCleanSwiftV.I.P";
			};
			name = Debug;
		};
		18192D202A60004500D6F96A /* Release */ = {
			isa = XCBuildConfiguration;
			buildSettings = {
				ALWAYS_EMBED_SWIFT_STANDARD_LIBRARIES = YES;
				BUNDLE_LOADER = "$(TEST_HOST)";
				CODE_SIGN_STYLE = Automatic;
				CURRENT_PROJECT_VERSION = 1;
				GENERATE_INFOPLIST_FILE = YES;
				IPHONEOS_DEPLOYMENT_TARGET = 16.4;
				MARKETING_VERSION = 1.0;
				PRODUCT_BUNDLE_IDENTIFIER = "com.juho.jung.UIKitCleanSwiftV-I-PTests";
				PRODUCT_NAME = "$(TARGET_NAME)";
				SWIFT_EMIT_LOC_STRINGS = NO;
				SWIFT_VERSION = 5.0;
				TARGETED_DEVICE_FAMILY = "1,2";
				TEST_HOST = "$(BUILT_PRODUCTS_DIR)/UIKitCleanSwiftV.I.P.app/$(BUNDLE_EXECUTABLE_FOLDER_PATH)/UIKitCleanSwiftV.I.P";
			};
			name = Release;
		};
		18192D222A60004500D6F96A /* Debug */ = {
			isa = XCBuildConfiguration;
			buildSettings = {
				ALWAYS_EMBED_SWIFT_STANDARD_LIBRARIES = YES;
				CODE_SIGN_STYLE = Automatic;
				CURRENT_PROJECT_VERSION = 1;
				GENERATE_INFOPLIST_FILE = YES;
				MARKETING_VERSION = 1.0;
				PRODUCT_BUNDLE_IDENTIFIER = "com.juho.jung.UIKitCleanSwiftV-I-PUITests";
				PRODUCT_NAME = "$(TARGET_NAME)";
				SWIFT_EMIT_LOC_STRINGS = NO;
				SWIFT_VERSION = 5.0;
				TARGETED_DEVICE_FAMILY = "1,2";
				TEST_TARGET_NAME = UIKitCleanSwiftV.I.P;
			};
			name = Debug;
		};
		18192D232A60004500D6F96A /* Release */ = {
			isa = XCBuildConfiguration;
			buildSettings = {
				ALWAYS_EMBED_SWIFT_STANDARD_LIBRARIES = YES;
				CODE_SIGN_STYLE = Automatic;
				CURRENT_PROJECT_VERSION = 1;
				GENERATE_INFOPLIST_FILE = YES;
				MARKETING_VERSION = 1.0;
				PRODUCT_BUNDLE_IDENTIFIER = "com.juho.jung.UIKitCleanSwiftV-I-PUITests";
				PRODUCT_NAME = "$(TARGET_NAME)";
				SWIFT_EMIT_LOC_STRINGS = NO;
				SWIFT_VERSION = 5.0;
				TARGETED_DEVICE_FAMILY = "1,2";
				TEST_TARGET_NAME = UIKitCleanSwiftV.I.P;
			};
			name = Release;
		};
/* End XCBuildConfiguration section */

/* Begin XCConfigurationList section */
		18192CEC2A60004200D6F96A /* Build configuration list for PBXProject "UIKitCleanSwiftV.I.P" */ = {
			isa = XCConfigurationList;
			buildConfigurations = (
				18192D192A60004500D6F96A /* Debug */,
				18192D1A2A60004500D6F96A /* Release */,
			);
			defaultConfigurationIsVisible = 0;
			defaultConfigurationName = Release;
		};
		18192D1B2A60004500D6F96A /* Build configuration list for PBXNativeTarget "UIKitCleanSwiftV.I.P" */ = {
			isa = XCConfigurationList;
			buildConfigurations = (
				18192D1C2A60004500D6F96A /* Debug */,
				18192D1D2A60004500D6F96A /* Release */,
			);
			defaultConfigurationIsVisible = 0;
			defaultConfigurationName = Release;
		};
		18192D1E2A60004500D6F96A /* Build configuration list for PBXNativeTarget "UIKitCleanSwiftV.I.PTests" */ = {
			isa = XCConfigurationList;
			buildConfigurations = (
				18192D1F2A60004500D6F96A /* Debug */,
				18192D202A60004500D6F96A /* Release */,
			);
			defaultConfigurationIsVisible = 0;
			defaultConfigurationName = Release;
		};
		18192D212A60004500D6F96A /* Build configuration list for PBXNativeTarget "UIKitCleanSwiftV.I.PUITests" */ = {
			isa = XCConfigurationList;
			buildConfigurations = (
				18192D222A60004500D6F96A /* Debug */,
				18192D232A60004500D6F96A /* Release */,
			);
			defaultConfigurationIsVisible = 0;
			defaultConfigurationName = Release;
		};
/* End XCConfigurationList section */
	};
	rootObject = 18192CE92A60004200D6F96A /* Project object */;
}
